
Microsoft Visual Studio Solution File, Format Version 12.00
# Visual Studio Version 17
VisualStudioVersion = 17.6.33815.320
MinimumVisualStudioVersion = 10.0.40219.1
Project("{FAE04EC0-301F-11D3-BF4B-00C04F79EFBC}") = "StatusBarColor", "StatusBarColor\StatusBarColor.csproj", "{37D95525-ACFC-4AF2-B9A1-C41C25132005}"
EndProject
Global
	GlobalSection(SolutionConfigurationPlatforms) = preSolution
		X8 Debug|Any CPU = X8 Debug|Any CPU
		X8 Release|Any CPU = X8 Release|Any CPU
	EndGlobalSection
	GlobalSection(ProjectConfigurationPlatforms) = postSolution
		{37D95525-ACFC-4AF2-B9A1-C41C25132005}.X8 Debug|Any CPU.ActiveCfg = X8 Debug|Any CPU
		{37D95525-ACFC-4AF2-B9A1-C41C25132005}.X8 Debug|Any CPU.Build.0 = X8 Debug|Any CPU
		{37D95525-ACFC-4AF2-B9A1-C41C25132005}.X8 Release|Any CPU.ActiveCfg = X8 Release|Any CPU
		{37D95525-ACFC-4AF2-B9A1-C41C25132005}.X8 Release|Any CPU.Build.0 = X8 Release|Any CPU
	EndGlobalSection
	GlobalSection(SolutionProperties) = preSolution
		HideSolutionNode = FALSE
	EndGlobalSection
	GlobalSection(ExtensibilityGlobals) = postSolution
		SolutionGuid = {AE0AD40E-6B5D-4692-8C7F-C4536584C9E5}
	EndGlobalSection
EndGlobal
